
Microsoft Visual Studio Solution File, Format Version 12.00
# Visual Studio Version 17
VisualStudioVersion = 17.2.32526.322
MinimumVisualStudioVersion = 10.0.40219.1
Project("{FAE04EC0-301F-11D3-BF4B-00C04F79EFBC}") = "cardsTeller", "cardsTeller\cardsTeller.csproj", "{A921EBDF-6765-4B5A-897A-2B581E91987A}"
EndProject
Global
	GlobalSection(SolutionConfigurationPlatforms) = preSolution
		Debug|Any CPU = Debug|Any CPU
		Release|Any CPU = Release|Any CPU
	EndGlobalSection
	GlobalSection(ProjectConfigurationPlatforms) = postSolution
		{A921EBDF-6765-4B5A-897A-2B581E91987A}.Debug|Any CPU.ActiveCfg = Debug|Any CPU
		{A921EBDF-6765-4B5A-897A-2B581E91987A}.Debug|Any CPU.Build.0 = Debug|Any CPU
		{A921EBDF-6765-4B5A-897A-2B581E91987A}.Release|Any CPU.ActiveCfg = Release|Any CPU
		{A921EBDF-6765-4B5A-897A-2B581E91987A}.Release|Any CPU.Build.0 = Release|Any CPU
	EndGlobalSection
	GlobalSection(SolutionProperties) = preSolution
		HideSolutionNode = FALSE
	EndGlobalSection
	GlobalSection(ExtensibilityGlobals) = postSolution
		SolutionGuid = {A9E9E1D5-DA68-4C79-9D47-5BAA1F4EBD86}
	EndGlobalSection
EndGlobal
